// !$*UTF8*$!
{
	archiveVersion = 1;
	classes = {
	};
	objectVersion = 51;
	objects = {

/* Begin PBXBuildFile section */
		320F7EF2237723C400BCAE2F /* MockTimeline.swift in Sources */ = {isa = PBXBuildFile; fileRef = 320F7EF1237723C400BCAE2F /* MockTimeline.swift */; };
		320F7EF4237A01FC00BCAE2F /* ProtocolDataFactoryManager.swift in Sources */ = {isa = PBXBuildFile; fileRef = 320F7EF3237A01FC00BCAE2F /* ProtocolDataFactoryManager.swift */; };
		320F7EF6237A0E0C00BCAE2F /* SwiftUIPagerView.swift in Sources */ = {isa = PBXBuildFile; fileRef = 320F7EF5237A0E0C00BCAE2F /* SwiftUIPagerView.swift */; };
		320F7EF9237A0F6000BCAE2F /* HomeView.swift in Sources */ = {isa = PBXBuildFile; fileRef = 320F7EF8237A0F6000BCAE2F /* HomeView.swift */; };
		3236A0E9237B60D40056EA88 /* HomeViewModel.swift in Sources */ = {isa = PBXBuildFile; fileRef = 3236A0E8237B60D30056EA88 /* HomeViewModel.swift */; };
		3236A0EC237B6E710056EA88 /* LoginView.swift in Sources */ = {isa = PBXBuildFile; fileRef = 3236A0EB237B6E710056EA88 /* LoginView.swift */; };
		326D91062384ABA4004B8C00 /* AnyIdentifiableView.swift in Sources */ = {isa = PBXBuildFile; fileRef = 326D91052384ABA4004B8C00 /* AnyIdentifiableView.swift */; };
		326EB5402381E55000DD5857 /* LoginViewState.swift in Sources */ = {isa = PBXBuildFile; fileRef = 326EB53F2381E55000DD5857 /* LoginViewState.swift */; };
		326EB5422381E84D00DD5857 /* LoginViewModelType.swift in Sources */ = {isa = PBXBuildFile; fileRef = 326EB5412381E84D00DD5857 /* LoginViewModelType.swift */; };
		326EB5462381EFFD00DD5857 /* MatrixLoginViewModel.swift in Sources */ = {isa = PBXBuildFile; fileRef = 326EB5452381EFFD00DD5857 /* MatrixLoginViewModel.swift */; };
		326EB5482381FA8000DD5857 /* LoginViewAction.swift in Sources */ = {isa = PBXBuildFile; fileRef = 326EB5472381FA8000DD5857 /* LoginViewAction.swift */; };
		329909322372208A00D7D989 /* RoomListViewModel.swift in Sources */ = {isa = PBXBuildFile; fileRef = 329909132372208A00D7D989 /* RoomListViewModel.swift */; };
		329909332372208A00D7D989 /* RoomListView.swift in Sources */ = {isa = PBXBuildFile; fileRef = 329909142372208A00D7D989 /* RoomListView.swift */; };
		329909342372208A00D7D989 /* AvatarView.swift in Sources */ = {isa = PBXBuildFile; fileRef = 329909172372208A00D7D989 /* AvatarView.swift */; };
		329909352372208A00D7D989 /* ImageLoader.swift in Sources */ = {isa = PBXBuildFile; fileRef = 329909192372208A00D7D989 /* ImageLoader.swift */; };
		329909362372208A00D7D989 /* MockRoomSummariesSource.swift in Sources */ = {isa = PBXBuildFile; fileRef = 3299091E2372208A00D7D989 /* MockRoomSummariesSource.swift */; };
		329909372372208A00D7D989 /* MatrixRoomSummariesSource.swift in Sources */ = {isa = PBXBuildFile; fileRef = 329909222372208A00D7D989 /* MatrixRoomSummariesSource.swift */; };
		329909382372208A00D7D989 /* MatrixSession.swift in Sources */ = {isa = PBXBuildFile; fileRef = 329909242372208A00D7D989 /* MatrixSession.swift */; };
		329909392372208A00D7D989 /* MatrixDataFactory.swift in Sources */ = {isa = PBXBuildFile; fileRef = 329909252372208A00D7D989 /* MatrixDataFactory.swift */; };
		3299093A2372208A00D7D989 /* MatrixSessionManager.swift in Sources */ = {isa = PBXBuildFile; fileRef = 329909262372208A00D7D989 /* MatrixSessionManager.swift */; };
		3299093B2372208A00D7D989 /* MatrixAccount.swift in Sources */ = {isa = PBXBuildFile; fileRef = 329909272372208A00D7D989 /* MatrixAccount.swift */; };
		3299093C2372208A00D7D989 /* ProtocolDataFactoryType.swift in Sources */ = {isa = PBXBuildFile; fileRef = 3299092B2372208A00D7D989 /* ProtocolDataFactoryType.swift */; };
		3299093D2372208A00D7D989 /* RoomSummary.swift in Sources */ = {isa = PBXBuildFile; fileRef = 3299092D2372208A00D7D989 /* RoomSummary.swift */; };
		3299093E2372208A00D7D989 /* RoomSummariesSourceType.swift in Sources */ = {isa = PBXBuildFile; fileRef = 3299092E2372208A00D7D989 /* RoomSummariesSourceType.swift */; };
		3299093F2372208A00D7D989 /* AccountManager.swift in Sources */ = {isa = PBXBuildFile; fileRef = 329909302372208A00D7D989 /* AccountManager.swift */; };
		329909402372208A00D7D989 /* AccountType.swift in Sources */ = {isa = PBXBuildFile; fileRef = 329909312372208A00D7D989 /* AccountType.swift */; };
		32990944237227F900D7D989 /* User.swift in Sources */ = {isa = PBXBuildFile; fileRef = 32990943237227F900D7D989 /* User.swift */; };
		329909462372289000D7D989 /* UserSourceType.swift in Sources */ = {isa = PBXBuildFile; fileRef = 329909452372288F00D7D989 /* UserSourceType.swift */; };
		329909492372295000D7D989 /* MatrixUserSource.swift in Sources */ = {isa = PBXBuildFile; fileRef = 329909482372295000D7D989 /* MatrixUserSource.swift */; };
		3299094B2372308400D7D989 /* MockUserSource.swift in Sources */ = {isa = PBXBuildFile; fileRef = 3299094A2372308400D7D989 /* MockUserSource.swift */; };
		3299095023723A4D00D7D989 /* Message.swift in Sources */ = {isa = PBXBuildFile; fileRef = 3299094D23723A4D00D7D989 /* Message.swift */; };
		3299095423723B1C00D7D989 /* MatrixTimeline.swift in Sources */ = {isa = PBXBuildFile; fileRef = 3299095323723B1C00D7D989 /* MatrixTimeline.swift */; };
		3299095623723BAF00D7D989 /* MatrixMessageFactory.swift in Sources */ = {isa = PBXBuildFile; fileRef = 3299095523723BAF00D7D989 /* MatrixMessageFactory.swift */; };
		329909582373029A00D7D989 /* README.md in Resources */ = {isa = PBXBuildFile; fileRef = 329909572373029900D7D989 /* README.md */; };
		3299095B237359BD00D7D989 /* MessagesSourceType.swift in Sources */ = {isa = PBXBuildFile; fileRef = 32990959237359BD00D7D989 /* MessagesSourceType.swift */; };
		3299095C237359BD00D7D989 /* MessagesUpdate.swift in Sources */ = {isa = PBXBuildFile; fileRef = 3299095A237359BD00D7D989 /* MessagesUpdate.swift */; };
		329909652373691800D7D989 /* RoomView.swift in Sources */ = {isa = PBXBuildFile; fileRef = 3299095D2373691700D7D989 /* RoomView.swift */; };
		329909662373691800D7D989 /* RoomViewModel.swift in Sources */ = {isa = PBXBuildFile; fileRef = 3299095E2373691700D7D989 /* RoomViewModel.swift */; };
		329909672373691800D7D989 /* MessageImageView.swift in Sources */ = {isa = PBXBuildFile; fileRef = 329909602373691700D7D989 /* MessageImageView.swift */; };
		329909682373691800D7D989 /* MessageHtmlView.swift in Sources */ = {isa = PBXBuildFile; fileRef = 329909612373691700D7D989 /* MessageHtmlView.swift */; };
		329909692373691800D7D989 /* MessageWidgetView.swift in Sources */ = {isa = PBXBuildFile; fileRef = 329909622373691700D7D989 /* MessageWidgetView.swift */; };
		3299096A2373691800D7D989 /* MessageTextView.swift in Sources */ = {isa = PBXBuildFile; fileRef = 329909632373691700D7D989 /* MessageTextView.swift */; };
		3299096B2373691800D7D989 /* MessageView.swift in Sources */ = {isa = PBXBuildFile; fileRef = 329909642373691700D7D989 /* MessageView.swift */; };
		32AF64112385D27F00D70570 /* AccountManagerType.swift in Sources */ = {isa = PBXBuildFile; fileRef = 32AF64102385D27F00D70570 /* AccountManagerType.swift */; };
		32D2C27923833BE000447AD9 /* HomeViewState.swift in Sources */ = {isa = PBXBuildFile; fileRef = 32D2C27823833BE000447AD9 /* HomeViewState.swift */; };
		32D2C27B2383461C00447AD9 /* HomeViewAction.swift in Sources */ = {isa = PBXBuildFile; fileRef = 32D2C27A2383461C00447AD9 /* HomeViewAction.swift */; };
		32D5C1F02367A23E00CDE9BC /* AppDelegate.swift in Sources */ = {isa = PBXBuildFile; fileRef = 32D5C1EF2367A23E00CDE9BC /* AppDelegate.swift */; };
		32D5C1F22367A23E00CDE9BC /* SceneDelegate.swift in Sources */ = {isa = PBXBuildFile; fileRef = 32D5C1F12367A23E00CDE9BC /* SceneDelegate.swift */; };
		32D5C1F42367A23E00CDE9BC /* ContentView.swift in Sources */ = {isa = PBXBuildFile; fileRef = 32D5C1F32367A23E00CDE9BC /* ContentView.swift */; };
		32D5C1F62367A24100CDE9BC /* Assets.xcassets in Resources */ = {isa = PBXBuildFile; fileRef = 32D5C1F52367A24100CDE9BC /* Assets.xcassets */; };
		32D5C1F92367A24100CDE9BC /* Preview Assets.xcassets in Resources */ = {isa = PBXBuildFile; fileRef = 32D5C1F82367A24100CDE9BC /* Preview Assets.xcassets */; };
		32D5C1FC2367A24100CDE9BC /* LaunchScreen.storyboard in Resources */ = {isa = PBXBuildFile; fileRef = 32D5C1FA2367A24100CDE9BC /* LaunchScreen.storyboard */; };
		36881D96632A4B97E93FEEB1 /* Pods_Messagerie.framework in Frameworks */ = {isa = PBXBuildFile; fileRef = EC1A8EE204848F0C2F45D3FC /* Pods_Messagerie.framework */; };
/* End PBXBuildFile section */

/* Begin PBXFileReference section */
		320F7EF1237723C400BCAE2F /* MockTimeline.swift */ = {isa = PBXFileReference; lastKnownFileType = sourcecode.swift; path = MockTimeline.swift; sourceTree = "<group>"; };
		320F7EF3237A01FC00BCAE2F /* ProtocolDataFactoryManager.swift */ = {isa = PBXFileReference; lastKnownFileType = sourcecode.swift; path = ProtocolDataFactoryManager.swift; sourceTree = "<group>"; };
		320F7EF5237A0E0C00BCAE2F /* SwiftUIPagerView.swift */ = {isa = PBXFileReference; lastKnownFileType = sourcecode.swift; path = SwiftUIPagerView.swift; sourceTree = "<group>"; };
		320F7EF8237A0F6000BCAE2F /* HomeView.swift */ = {isa = PBXFileReference; lastKnownFileType = sourcecode.swift; path = HomeView.swift; sourceTree = "<group>"; };
		3236A0E8237B60D30056EA88 /* HomeViewModel.swift */ = {isa = PBXFileReference; lastKnownFileType = sourcecode.swift; path = HomeViewModel.swift; sourceTree = "<group>"; };
		3236A0EB237B6E710056EA88 /* LoginView.swift */ = {isa = PBXFileReference; lastKnownFileType = sourcecode.swift; path = LoginView.swift; sourceTree = "<group>"; };
		326D91052384ABA4004B8C00 /* AnyIdentifiableView.swift */ = {isa = PBXFileReference; lastKnownFileType = sourcecode.swift; path = AnyIdentifiableView.swift; sourceTree = "<group>"; };
		326EB53F2381E55000DD5857 /* LoginViewState.swift */ = {isa = PBXFileReference; lastKnownFileType = sourcecode.swift; path = LoginViewState.swift; sourceTree = "<group>"; };
		326EB5412381E84D00DD5857 /* LoginViewModelType.swift */ = {isa = PBXFileReference; lastKnownFileType = sourcecode.swift; path = LoginViewModelType.swift; sourceTree = "<group>"; };
		326EB5452381EFFD00DD5857 /* MatrixLoginViewModel.swift */ = {isa = PBXFileReference; lastKnownFileType = sourcecode.swift; path = MatrixLoginViewModel.swift; sourceTree = "<group>"; };
		326EB5472381FA8000DD5857 /* LoginViewAction.swift */ = {isa = PBXFileReference; lastKnownFileType = sourcecode.swift; path = LoginViewAction.swift; sourceTree = "<group>"; };
		329909132372208A00D7D989 /* RoomListViewModel.swift */ = {isa = PBXFileReference; fileEncoding = 4; lastKnownFileType = sourcecode.swift; path = RoomListViewModel.swift; sourceTree = "<group>"; };
		329909142372208A00D7D989 /* RoomListView.swift */ = {isa = PBXFileReference; fileEncoding = 4; lastKnownFileType = sourcecode.swift; path = RoomListView.swift; sourceTree = "<group>"; };
		329909172372208A00D7D989 /* AvatarView.swift */ = {isa = PBXFileReference; fileEncoding = 4; lastKnownFileType = sourcecode.swift; path = AvatarView.swift; sourceTree = "<group>"; };
		329909192372208A00D7D989 /* ImageLoader.swift */ = {isa = PBXFileReference; fileEncoding = 4; lastKnownFileType = sourcecode.swift; path = ImageLoader.swift; sourceTree = "<group>"; };
		3299091E2372208A00D7D989 /* MockRoomSummariesSource.swift */ = {isa = PBXFileReference; fileEncoding = 4; lastKnownFileType = sourcecode.swift; path = MockRoomSummariesSource.swift; sourceTree = "<group>"; };
		329909222372208A00D7D989 /* MatrixRoomSummariesSource.swift */ = {isa = PBXFileReference; fileEncoding = 4; lastKnownFileType = sourcecode.swift; path = MatrixRoomSummariesSource.swift; sourceTree = "<group>"; };
		329909242372208A00D7D989 /* MatrixSession.swift */ = {isa = PBXFileReference; fileEncoding = 4; lastKnownFileType = sourcecode.swift; path = MatrixSession.swift; sourceTree = "<group>"; };
		329909252372208A00D7D989 /* MatrixDataFactory.swift */ = {isa = PBXFileReference; fileEncoding = 4; lastKnownFileType = sourcecode.swift; path = MatrixDataFactory.swift; sourceTree = "<group>"; };
		329909262372208A00D7D989 /* MatrixSessionManager.swift */ = {isa = PBXFileReference; fileEncoding = 4; lastKnownFileType = sourcecode.swift; path = MatrixSessionManager.swift; sourceTree = "<group>"; };
		329909272372208A00D7D989 /* MatrixAccount.swift */ = {isa = PBXFileReference; fileEncoding = 4; lastKnownFileType = sourcecode.swift; path = MatrixAccount.swift; sourceTree = "<group>"; };
		3299092B2372208A00D7D989 /* ProtocolDataFactoryType.swift */ = {isa = PBXFileReference; fileEncoding = 4; lastKnownFileType = sourcecode.swift; path = ProtocolDataFactoryType.swift; sourceTree = "<group>"; };
		3299092D2372208A00D7D989 /* RoomSummary.swift */ = {isa = PBXFileReference; fileEncoding = 4; lastKnownFileType = sourcecode.swift; path = RoomSummary.swift; sourceTree = "<group>"; };
		3299092E2372208A00D7D989 /* RoomSummariesSourceType.swift */ = {isa = PBXFileReference; fileEncoding = 4; lastKnownFileType = sourcecode.swift; path = RoomSummariesSourceType.swift; sourceTree = "<group>"; };
		329909302372208A00D7D989 /* AccountManager.swift */ = {isa = PBXFileReference; fileEncoding = 4; lastKnownFileType = sourcecode.swift; path = AccountManager.swift; sourceTree = "<group>"; };
		329909312372208A00D7D989 /* AccountType.swift */ = {isa = PBXFileReference; fileEncoding = 4; lastKnownFileType = sourcecode.swift; path = AccountType.swift; sourceTree = "<group>"; };
		32990943237227F900D7D989 /* User.swift */ = {isa = PBXFileReference; lastKnownFileType = sourcecode.swift; path = User.swift; sourceTree = "<group>"; };
		329909452372288F00D7D989 /* UserSourceType.swift */ = {isa = PBXFileReference; lastKnownFileType = sourcecode.swift; path = UserSourceType.swift; sourceTree = "<group>"; };
		329909482372295000D7D989 /* MatrixUserSource.swift */ = {isa = PBXFileReference; lastKnownFileType = sourcecode.swift; path = MatrixUserSource.swift; sourceTree = "<group>"; };
		3299094A2372308400D7D989 /* MockUserSource.swift */ = {isa = PBXFileReference; lastKnownFileType = sourcecode.swift; path = MockUserSource.swift; sourceTree = "<group>"; };
		3299094D23723A4D00D7D989 /* Message.swift */ = {isa = PBXFileReference; fileEncoding = 4; lastKnownFileType = sourcecode.swift; path = Message.swift; sourceTree = "<group>"; };
		3299095323723B1C00D7D989 /* MatrixTimeline.swift */ = {isa = PBXFileReference; lastKnownFileType = sourcecode.swift; path = MatrixTimeline.swift; sourceTree = "<group>"; };
		3299095523723BAF00D7D989 /* MatrixMessageFactory.swift */ = {isa = PBXFileReference; fileEncoding = 4; lastKnownFileType = sourcecode.swift; path = MatrixMessageFactory.swift; sourceTree = "<group>"; };
		329909572373029900D7D989 /* README.md */ = {isa = PBXFileReference; lastKnownFileType = net.daringfireball.markdown; path = README.md; sourceTree = "<group>"; };
		32990959237359BD00D7D989 /* MessagesSourceType.swift */ = {isa = PBXFileReference; fileEncoding = 4; lastKnownFileType = sourcecode.swift; path = MessagesSourceType.swift; sourceTree = "<group>"; };
		3299095A237359BD00D7D989 /* MessagesUpdate.swift */ = {isa = PBXFileReference; fileEncoding = 4; lastKnownFileType = sourcecode.swift; path = MessagesUpdate.swift; sourceTree = "<group>"; };
		3299095D2373691700D7D989 /* RoomView.swift */ = {isa = PBXFileReference; fileEncoding = 4; lastKnownFileType = sourcecode.swift; path = RoomView.swift; sourceTree = "<group>"; };
		3299095E2373691700D7D989 /* RoomViewModel.swift */ = {isa = PBXFileReference; fileEncoding = 4; lastKnownFileType = sourcecode.swift; path = RoomViewModel.swift; sourceTree = "<group>"; };
		329909602373691700D7D989 /* MessageImageView.swift */ = {isa = PBXFileReference; fileEncoding = 4; lastKnownFileType = sourcecode.swift; path = MessageImageView.swift; sourceTree = "<group>"; };
		329909612373691700D7D989 /* MessageHtmlView.swift */ = {isa = PBXFileReference; fileEncoding = 4; lastKnownFileType = sourcecode.swift; path = MessageHtmlView.swift; sourceTree = "<group>"; };
		329909622373691700D7D989 /* MessageWidgetView.swift */ = {isa = PBXFileReference; fileEncoding = 4; lastKnownFileType = sourcecode.swift; path = MessageWidgetView.swift; sourceTree = "<group>"; };
		329909632373691700D7D989 /* MessageTextView.swift */ = {isa = PBXFileReference; fileEncoding = 4; lastKnownFileType = sourcecode.swift; path = MessageTextView.swift; sourceTree = "<group>"; };
		329909642373691700D7D989 /* MessageView.swift */ = {isa = PBXFileReference; fileEncoding = 4; lastKnownFileType = sourcecode.swift; path = MessageView.swift; sourceTree = "<group>"; };
		32AF64102385D27F00D70570 /* AccountManagerType.swift */ = {isa = PBXFileReference; lastKnownFileType = sourcecode.swift; path = AccountManagerType.swift; sourceTree = "<group>"; };
		32D2C27823833BE000447AD9 /* HomeViewState.swift */ = {isa = PBXFileReference; lastKnownFileType = sourcecode.swift; path = HomeViewState.swift; sourceTree = "<group>"; };
		32D2C27A2383461C00447AD9 /* HomeViewAction.swift */ = {isa = PBXFileReference; lastKnownFileType = sourcecode.swift; path = HomeViewAction.swift; sourceTree = "<group>"; };
		32D5C1EC2367A23E00CDE9BC /* Messagerie.app */ = {isa = PBXFileReference; explicitFileType = wrapper.application; includeInIndex = 0; path = Messagerie.app; sourceTree = BUILT_PRODUCTS_DIR; };
		32D5C1EF2367A23E00CDE9BC /* AppDelegate.swift */ = {isa = PBXFileReference; lastKnownFileType = sourcecode.swift; path = AppDelegate.swift; sourceTree = "<group>"; };
		32D5C1F12367A23E00CDE9BC /* SceneDelegate.swift */ = {isa = PBXFileReference; lastKnownFileType = sourcecode.swift; path = SceneDelegate.swift; sourceTree = "<group>"; };
		32D5C1F32367A23E00CDE9BC /* ContentView.swift */ = {isa = PBXFileReference; lastKnownFileType = sourcecode.swift; path = ContentView.swift; sourceTree = "<group>"; };
		32D5C1F52367A24100CDE9BC /* Assets.xcassets */ = {isa = PBXFileReference; lastKnownFileType = folder.assetcatalog; path = Assets.xcassets; sourceTree = "<group>"; };
		32D5C1F82367A24100CDE9BC /* Preview Assets.xcassets */ = {isa = PBXFileReference; lastKnownFileType = folder.assetcatalog; path = "Preview Assets.xcassets"; sourceTree = "<group>"; };
		32D5C1FB2367A24100CDE9BC /* Base */ = {isa = PBXFileReference; lastKnownFileType = file.storyboard; name = Base; path = Base.lproj/LaunchScreen.storyboard; sourceTree = "<group>"; };
		32D5C1FD2367A24100CDE9BC /* Info.plist */ = {isa = PBXFileReference; lastKnownFileType = text.plist.xml; path = Info.plist; sourceTree = "<group>"; };
		96BC35D419748984B6B1E7A8 /* Pods-Messagerie.debug.xcconfig */ = {isa = PBXFileReference; includeInIndex = 1; lastKnownFileType = text.xcconfig; name = "Pods-Messagerie.debug.xcconfig"; path = "Target Support Files/Pods-Messagerie/Pods-Messagerie.debug.xcconfig"; sourceTree = "<group>"; };
		A96634EB3F6696EC12BF9593 /* Pods-Messagerie.release.xcconfig */ = {isa = PBXFileReference; includeInIndex = 1; lastKnownFileType = text.xcconfig; name = "Pods-Messagerie.release.xcconfig"; path = "Target Support Files/Pods-Messagerie/Pods-Messagerie.release.xcconfig"; sourceTree = "<group>"; };
		EC1A8EE204848F0C2F45D3FC /* Pods_Messagerie.framework */ = {isa = PBXFileReference; explicitFileType = wrapper.framework; includeInIndex = 0; path = Pods_Messagerie.framework; sourceTree = BUILT_PRODUCTS_DIR; };
/* End PBXFileReference section */

/* Begin PBXFrameworksBuildPhase section */
		32D5C1E92367A23E00CDE9BC /* Frameworks */ = {
			isa = PBXFrameworksBuildPhase;
			buildActionMask = 2147483647;
			files = (
				36881D96632A4B97E93FEEB1 /* Pods_Messagerie.framework in Frameworks */,
			);
			runOnlyForDeploymentPostprocessing = 0;
		};
/* End PBXFrameworksBuildPhase section */

/* Begin PBXGroup section */
		320F7EEE2377236B00BCAE2F /* Room */ = {
			isa = PBXGroup;
			children = (
				320F7EF1237723C400BCAE2F /* MockTimeline.swift */,
			);
			path = Room;
			sourceTree = "<group>";
		};
		320F7EF7237A0F4B00BCAE2F /* Home */ = {
			isa = PBXGroup;
			children = (
				320F7EF8237A0F6000BCAE2F /* HomeView.swift */,
				32D2C27A2383461C00447AD9 /* HomeViewAction.swift */,
				32D2C27823833BE000447AD9 /* HomeViewState.swift */,
				3236A0E8237B60D30056EA88 /* HomeViewModel.swift */,
			);
			path = Home;
			sourceTree = "<group>";
		};
		3236A0EA237B6E460056EA88 /* Login */ = {
			isa = PBXGroup;
			children = (
				3236A0EB237B6E710056EA88 /* LoginView.swift */,
				326EB5472381FA8000DD5857 /* LoginViewAction.swift */,
				326EB5412381E84D00DD5857 /* LoginViewModelType.swift */,
				326EB53F2381E55000DD5857 /* LoginViewState.swift */,
			);
			path = Login;
			sourceTree = "<group>";
		};
		326EB5432381EFCC00DD5857 /* UI */ = {
			isa = PBXGroup;
			children = (
				326EB5442381EFD800DD5857 /* Login */,
			);
			path = UI;
			sourceTree = "<group>";
		};
		326EB5442381EFD800DD5857 /* Login */ = {
			isa = PBXGroup;
			children = (
				326EB5452381EFFD00DD5857 /* MatrixLoginViewModel.swift */,
			);
			path = Login;
			sourceTree = "<group>";
		};
		3299090D2372208A00D7D989 /* MessagerieUI */ = {
			isa = PBXGroup;
			children = (
				329909152372208A00D7D989 /* Common */,
				329909282372208A00D7D989 /* Data */,
				3299090E2372208A00D7D989 /* UI */,
				3299091A2372208A00D7D989 /* Implementation */,
			);
			path = MessagerieUI;
			sourceTree = "<group>";
		};
		3299090E2372208A00D7D989 /* UI */ = {
			isa = PBXGroup;
			children = (
				3236A0EA237B6E460056EA88 /* Login */,
				320F7EF7237A0F4B00BCAE2F /* Home */,
				3299090F2372208A00D7D989 /* Room */,
				329909122372208A00D7D989 /* RoomList */,
			);
			path = UI;
			sourceTree = "<group>";
		};
		3299090F2372208A00D7D989 /* Room */ = {
			isa = PBXGroup;
			children = (
				3299095F2373691700D7D989 /* Views */,
				3299095D2373691700D7D989 /* RoomView.swift */,
				3299095E2373691700D7D989 /* RoomViewModel.swift */,
			);
			path = Room;
			sourceTree = "<group>";
		};
		329909122372208A00D7D989 /* RoomList */ = {
			isa = PBXGroup;
			children = (
				329909132372208A00D7D989 /* RoomListViewModel.swift */,
				329909142372208A00D7D989 /* RoomListView.swift */,
			);
			path = RoomList;
			sourceTree = "<group>";
		};
		329909152372208A00D7D989 /* Common */ = {
			isa = PBXGroup;
			children = (
				329909162372208A00D7D989 /* UI */,
				329909182372208A00D7D989 /* Services */,
			);
			path = Common;
			sourceTree = "<group>";
		};
		329909162372208A00D7D989 /* UI */ = {
			isa = PBXGroup;
			children = (
				329909172372208A00D7D989 /* AvatarView.swift */,
				320F7EF5237A0E0C00BCAE2F /* SwiftUIPagerView.swift */,
				326D91052384ABA4004B8C00 /* AnyIdentifiableView.swift */,
			);
			path = UI;
			sourceTree = "<group>";
		};
		329909182372208A00D7D989 /* Services */ = {
			isa = PBXGroup;
			children = (
				329909192372208A00D7D989 /* ImageLoader.swift */,
			);
			path = Services;
			sourceTree = "<group>";
		};
		3299091A2372208A00D7D989 /* Implementation */ = {
			isa = PBXGroup;
			children = (
				3299091B2372208A00D7D989 /* Mock */,
				3299091F2372208A00D7D989 /* Matrix */,
			);
			path = Implementation;
			sourceTree = "<group>";
		};
		3299091B2372208A00D7D989 /* Mock */ = {
			isa = PBXGroup;
			children = (
				3299091C2372208A00D7D989 /* Data */,
			);
			path = Mock;
			sourceTree = "<group>";
		};
		3299091C2372208A00D7D989 /* Data */ = {
			isa = PBXGroup;
			children = (
				320F7EEE2377236B00BCAE2F /* Room */,
				3299091D2372208A00D7D989 /* RoomList */,
				3299094A2372308400D7D989 /* MockUserSource.swift */,
			);
			path = Data;
			sourceTree = "<group>";
		};
		3299091D2372208A00D7D989 /* RoomList */ = {
			isa = PBXGroup;
			children = (
				3299091E2372208A00D7D989 /* MockRoomSummariesSource.swift */,
			);
			path = RoomList;
			sourceTree = "<group>";
		};
		3299091F2372208A00D7D989 /* Matrix */ = {
			isa = PBXGroup;
			children = (
				326EB5432381EFCC00DD5857 /* UI */,
				329909202372208A00D7D989 /* Data */,
			);
			path = Matrix;
			sourceTree = "<group>";
		};
		329909202372208A00D7D989 /* Data */ = {
			isa = PBXGroup;
			children = (
				3299095223723AFA00D7D989 /* Room */,
				329909472372293600D7D989 /* User */,
				329909212372208A00D7D989 /* RoomList */,
				329909232372208A00D7D989 /* Account */,
			);
			path = Data;
			sourceTree = "<group>";
		};
		329909212372208A00D7D989 /* RoomList */ = {
			isa = PBXGroup;
			children = (
				329909222372208A00D7D989 /* MatrixRoomSummariesSource.swift */,
			);
			path = RoomList;
			sourceTree = "<group>";
		};
		329909232372208A00D7D989 /* Account */ = {
			isa = PBXGroup;
			children = (
				329909242372208A00D7D989 /* MatrixSession.swift */,
				329909252372208A00D7D989 /* MatrixDataFactory.swift */,
				329909262372208A00D7D989 /* MatrixSessionManager.swift */,
				329909272372208A00D7D989 /* MatrixAccount.swift */,
			);
			path = Account;
			sourceTree = "<group>";
		};
		329909282372208A00D7D989 /* Data */ = {
			isa = PBXGroup;
			children = (
				329909422372277F00D7D989 /* User */,
				329909292372208A00D7D989 /* Room */,
				3299092A2372208A00D7D989 /* Protocol */,
				3299092C2372208A00D7D989 /* RoomList */,
				3299092F2372208A00D7D989 /* Account */,
			);
			path = Data;
			sourceTree = "<group>";
		};
		329909292372208A00D7D989 /* Room */ = {
			isa = PBXGroup;
			children = (
				3299094D23723A4D00D7D989 /* Message.swift */,
				32990959237359BD00D7D989 /* MessagesSourceType.swift */,
				3299095A237359BD00D7D989 /* MessagesUpdate.swift */,
			);
			path = Room;
			sourceTree = "<group>";
		};
		3299092A2372208A00D7D989 /* Protocol */ = {
			isa = PBXGroup;
			children = (
				3299092B2372208A00D7D989 /* ProtocolDataFactoryType.swift */,
				320F7EF3237A01FC00BCAE2F /* ProtocolDataFactoryManager.swift */,
			);
			path = Protocol;
			sourceTree = "<group>";
		};
		3299092C2372208A00D7D989 /* RoomList */ = {
			isa = PBXGroup;
			children = (
				3299092D2372208A00D7D989 /* RoomSummary.swift */,
				3299092E2372208A00D7D989 /* RoomSummariesSourceType.swift */,
			);
			path = RoomList;
			sourceTree = "<group>";
		};
		3299092F2372208A00D7D989 /* Account */ = {
			isa = PBXGroup;
			children = (
				329909302372208A00D7D989 /* AccountManager.swift */,
				329909312372208A00D7D989 /* AccountType.swift */,
				32AF64102385D27F00D70570 /* AccountManagerType.swift */,
			);
			path = Account;
			sourceTree = "<group>";
		};
		329909422372277F00D7D989 /* User */ = {
			isa = PBXGroup;
			children = (
				32990943237227F900D7D989 /* User.swift */,
				329909452372288F00D7D989 /* UserSourceType.swift */,
			);
			path = User;
			sourceTree = "<group>";
		};
		329909472372293600D7D989 /* User */ = {
			isa = PBXGroup;
			children = (
				329909482372295000D7D989 /* MatrixUserSource.swift */,
			);
			path = User;
			sourceTree = "<group>";
		};
		3299095223723AFA00D7D989 /* Room */ = {
			isa = PBXGroup;
			children = (
				3299095523723BAF00D7D989 /* MatrixMessageFactory.swift */,
				3299095323723B1C00D7D989 /* MatrixTimeline.swift */,
			);
			path = Room;
			sourceTree = "<group>";
		};
		3299095F2373691700D7D989 /* Views */ = {
			isa = PBXGroup;
			children = (
				329909602373691700D7D989 /* MessageImageView.swift */,
				329909612373691700D7D989 /* MessageHtmlView.swift */,
				329909622373691700D7D989 /* MessageWidgetView.swift */,
				329909632373691700D7D989 /* MessageTextView.swift */,
				329909642373691700D7D989 /* MessageView.swift */,
			);
			path = Views;
			sourceTree = "<group>";
		};
		32D5C1E32367A23E00CDE9BC = {
			isa = PBXGroup;
			children = (
				329909572373029900D7D989 /* README.md */,
				32D5C1EE2367A23E00CDE9BC /* Messagerie */,
				3299090D2372208A00D7D989 /* MessagerieUI */,
				32D5C1ED2367A23E00CDE9BC /* Products */,
				6133E02DC5EF3514CA914EB9 /* Pods */,
				B4EF5D895A8871585C1EBF30 /* Frameworks */,
			);
			sourceTree = "<group>";
		};
		32D5C1ED2367A23E00CDE9BC /* Products */ = {
			isa = PBXGroup;
			children = (
				32D5C1EC2367A23E00CDE9BC /* Messagerie.app */,
			);
			name = Products;
			sourceTree = "<group>";
		};
		32D5C1EE2367A23E00CDE9BC /* Messagerie */ = {
			isa = PBXGroup;
			children = (
				32D5C1EF2367A23E00CDE9BC /* AppDelegate.swift */,
				32D5C1F12367A23E00CDE9BC /* SceneDelegate.swift */,
				32D5C1F32367A23E00CDE9BC /* ContentView.swift */,
				32D5C1F52367A24100CDE9BC /* Assets.xcassets */,
				32D5C1FA2367A24100CDE9BC /* LaunchScreen.storyboard */,
				32D5C1FD2367A24100CDE9BC /* Info.plist */,
				32D5C1F72367A24100CDE9BC /* Preview Content */,
			);
			path = Messagerie;
			sourceTree = "<group>";
		};
		32D5C1F72367A24100CDE9BC /* Preview Content */ = {
			isa = PBXGroup;
			children = (
				32D5C1F82367A24100CDE9BC /* Preview Assets.xcassets */,
			);
			path = "Preview Content";
			sourceTree = "<group>";
		};
		6133E02DC5EF3514CA914EB9 /* Pods */ = {
			isa = PBXGroup;
			children = (
				96BC35D419748984B6B1E7A8 /* Pods-Messagerie.debug.xcconfig */,
				A96634EB3F6696EC12BF9593 /* Pods-Messagerie.release.xcconfig */,
			);
			path = Pods;
			sourceTree = "<group>";
		};
		B4EF5D895A8871585C1EBF30 /* Frameworks */ = {
			isa = PBXGroup;
			children = (
				EC1A8EE204848F0C2F45D3FC /* Pods_Messagerie.framework */,
			);
			name = Frameworks;
			sourceTree = "<group>";
		};
/* End PBXGroup section */

/* Begin PBXNativeTarget section */
		32D5C1EB2367A23E00CDE9BC /* Messagerie */ = {
			isa = PBXNativeTarget;
			buildConfigurationList = 32D5C2002367A24100CDE9BC /* Build configuration list for PBXNativeTarget "Messagerie" */;
			buildPhases = (
				8F34C1FCF6C0231429F25F99 /* [CP] Check Pods Manifest.lock */,
				32D5C1E82367A23E00CDE9BC /* Sources */,
				32D5C1E92367A23E00CDE9BC /* Frameworks */,
				32D5C1EA2367A23E00CDE9BC /* Resources */,
				D5F5ABF2E054F19BA671DFB8 /* [CP] Embed Pods Frameworks */,
			);
			buildRules = (
			);
			dependencies = (
			);
			name = Messagerie;
			productName = Messagerie;
			productReference = 32D5C1EC2367A23E00CDE9BC /* Messagerie.app */;
			productType = "com.apple.product-type.application";
		};
/* End PBXNativeTarget section */

/* Begin PBXProject section */
		32D5C1E42367A23E00CDE9BC /* Project object */ = {
			isa = PBXProject;
			attributes = {
				LastSwiftUpdateCheck = 1110;
				LastUpgradeCheck = 1110;
				ORGANIZATIONNAME = manu.test;
				TargetAttributes = {
					32D5C1EB2367A23E00CDE9BC = {
						CreatedOnToolsVersion = 11.1;
					};
				};
			};
			buildConfigurationList = 32D5C1E72367A23E00CDE9BC /* Build configuration list for PBXProject "Messagerie" */;
			compatibilityVersion = "Xcode 9.3";
			developmentRegion = en;
			hasScannedForEncodings = 0;
			knownRegions = (
				en,
				Base,
			);
			mainGroup = 32D5C1E32367A23E00CDE9BC;
			productRefGroup = 32D5C1ED2367A23E00CDE9BC /* Products */;
			projectDirPath = "";
			projectRoot = "";
			targets = (
				32D5C1EB2367A23E00CDE9BC /* Messagerie */,
			);
		};
/* End PBXProject section */

/* Begin PBXResourcesBuildPhase section */
		32D5C1EA2367A23E00CDE9BC /* Resources */ = {
			isa = PBXResourcesBuildPhase;
			buildActionMask = 2147483647;
			files = (
				32D5C1FC2367A24100CDE9BC /* LaunchScreen.storyboard in Resources */,
				32D5C1F92367A24100CDE9BC /* Preview Assets.xcassets in Resources */,
				329909582373029A00D7D989 /* README.md in Resources */,
				32D5C1F62367A24100CDE9BC /* Assets.xcassets in Resources */,
			);
			runOnlyForDeploymentPostprocessing = 0;
		};
/* End PBXResourcesBuildPhase section */

/* Begin PBXShellScriptBuildPhase section */
		8F34C1FCF6C0231429F25F99 /* [CP] Check Pods Manifest.lock */ = {
			isa = PBXShellScriptBuildPhase;
			buildActionMask = 2147483647;
			files = (
			);
			inputFileListPaths = (
			);
			inputPaths = (
				"${PODS_PODFILE_DIR_PATH}/Podfile.lock",
				"${PODS_ROOT}/Manifest.lock",
			);
			name = "[CP] Check Pods Manifest.lock";
			outputFileListPaths = (
			);
			outputPaths = (
				"$(DERIVED_FILE_DIR)/Pods-Messagerie-checkManifestLockResult.txt",
			);
			runOnlyForDeploymentPostprocessing = 0;
			shellPath = /bin/sh;
			shellScript = "diff \"${PODS_PODFILE_DIR_PATH}/Podfile.lock\" \"${PODS_ROOT}/Manifest.lock\" > /dev/null\nif [ $? != 0 ] ; then\n    # print error to STDERR\n    echo \"error: The sandbox is not in sync with the Podfile.lock. Run 'pod install' or update your CocoaPods installation.\" >&2\n    exit 1\nfi\n# This output is used by Xcode 'outputs' to avoid re-running this script phase.\necho \"SUCCESS\" > \"${SCRIPT_OUTPUT_FILE_0}\"\n";
			showEnvVarsInLog = 0;
		};
		D5F5ABF2E054F19BA671DFB8 /* [CP] Embed Pods Frameworks */ = {
			isa = PBXShellScriptBuildPhase;
			buildActionMask = 2147483647;
			files = (
			);
			inputFileListPaths = (
				"${PODS_ROOT}/Target Support Files/Pods-Messagerie/Pods-Messagerie-frameworks-${CONFIGURATION}-input-files.xcfilelist",
			);
			name = "[CP] Embed Pods Frameworks";
			outputFileListPaths = (
				"${PODS_ROOT}/Target Support Files/Pods-Messagerie/Pods-Messagerie-frameworks-${CONFIGURATION}-output-files.xcfilelist",
			);
			runOnlyForDeploymentPostprocessing = 0;
			shellPath = /bin/sh;
			shellScript = "\"${PODS_ROOT}/Target Support Files/Pods-Messagerie/Pods-Messagerie-frameworks.sh\"\n";
			showEnvVarsInLog = 0;
		};
/* End PBXShellScriptBuildPhase section */

/* Begin PBXSourcesBuildPhase section */
		32D5C1E82367A23E00CDE9BC /* Sources */ = {
			isa = PBXSourcesBuildPhase;
			buildActionMask = 2147483647;
			files = (
				3299095423723B1C00D7D989 /* MatrixTimeline.swift in Sources */,
				329909352372208A00D7D989 /* ImageLoader.swift in Sources */,
				3299093C2372208A00D7D989 /* ProtocolDataFactoryType.swift in Sources */,
				3299093D2372208A00D7D989 /* RoomSummary.swift in Sources */,
				326EB5462381EFFD00DD5857 /* MatrixLoginViewModel.swift in Sources */,
				3299096A2373691800D7D989 /* MessageTextView.swift in Sources */,
				329909462372289000D7D989 /* UserSourceType.swift in Sources */,
				3299095C237359BD00D7D989 /* MessagesUpdate.swift in Sources */,
				32D5C1F02367A23E00CDE9BC /* AppDelegate.swift in Sources */,
				329909342372208A00D7D989 /* AvatarView.swift in Sources */,
				326EB5482381FA8000DD5857 /* LoginViewAction.swift in Sources */,
				329909402372208A00D7D989 /* AccountType.swift in Sources */,
				329909372372208A00D7D989 /* MatrixRoomSummariesSource.swift in Sources */,
				32AF64112385D27F00D70570 /* AccountManagerType.swift in Sources */,
				320F7EF4237A01FC00BCAE2F /* ProtocolDataFactoryManager.swift in Sources */,
				329909672373691800D7D989 /* MessageImageView.swift in Sources */,
				32D5C1F22367A23E00CDE9BC /* SceneDelegate.swift in Sources */,
				3299093A2372208A00D7D989 /* MatrixSessionManager.swift in Sources */,
				329909492372295000D7D989 /* MatrixUserSource.swift in Sources */,
				326EB5422381E84D00DD5857 /* LoginViewModelType.swift in Sources */,
				32D5C1F42367A23E00CDE9BC /* ContentView.swift in Sources */,
				3299093E2372208A00D7D989 /* RoomSummariesSourceType.swift in Sources */,
				329909322372208A00D7D989 /* RoomListViewModel.swift in Sources */,
				3299093B2372208A00D7D989 /* MatrixAccount.swift in Sources */,
				320F7EF6237A0E0C00BCAE2F /* SwiftUIPagerView.swift in Sources */,
				329909652373691800D7D989 /* RoomView.swift in Sources */,
				329909332372208A00D7D989 /* RoomListView.swift in Sources */,
				329909392372208A00D7D989 /* MatrixDataFactory.swift in Sources */,
				3299096B2373691800D7D989 /* MessageView.swift in Sources */,
				329909662373691800D7D989 /* RoomViewModel.swift in Sources */,
				329909692373691800D7D989 /* MessageWidgetView.swift in Sources */,
				3299093F2372208A00D7D989 /* AccountManager.swift in Sources */,
				320F7EF2237723C400BCAE2F /* MockTimeline.swift in Sources */,
				329909362372208A00D7D989 /* MockRoomSummariesSource.swift in Sources */,
				3299094B2372308400D7D989 /* MockUserSource.swift in Sources */,
				329909382372208A00D7D989 /* MatrixSession.swift in Sources */,
				326D91062384ABA4004B8C00 /* AnyIdentifiableView.swift in Sources */,
				329909682373691800D7D989 /* MessageHtmlView.swift in Sources */,
				3299095023723A4D00D7D989 /* Message.swift in Sources */,
				326EB5402381E55000DD5857 /* LoginViewState.swift in Sources */,
				3236A0E9237B60D40056EA88 /* HomeViewModel.swift in Sources */,
				32D2C27B2383461C00447AD9 /* HomeViewAction.swift in Sources */,
				32D2C27923833BE000447AD9 /* HomeViewState.swift in Sources */,
				32990944237227F900D7D989 /* User.swift in Sources */,
				3299095B237359BD00D7D989 /* MessagesSourceType.swift in Sources */,
				3299095623723BAF00D7D989 /* MatrixMessageFactory.swift in Sources */,
				3236A0EC237B6E710056EA88 /* LoginView.swift in Sources */,
				320F7EF9237A0F6000BCAE2F /* HomeView.swift in Sources */,
			);
			runOnlyForDeploymentPostprocessing = 0;
		};
/* End PBXSourcesBuildPhase section */

/* Begin PBXVariantGroup section */
		32D5C1FA2367A24100CDE9BC /* LaunchScreen.storyboard */ = {
			isa = PBXVariantGroup;
			children = (
				32D5C1FB2367A24100CDE9BC /* Base */,
			);
			name = LaunchScreen.storyboard;
			sourceTree = "<group>";
		};
/* End PBXVariantGroup section */

/* Begin XCBuildConfiguration section */
		32D5C1FE2367A24100CDE9BC /* Debug */ = {
			isa = XCBuildConfiguration;
			buildSettings = {
				ALWAYS_SEARCH_USER_PATHS = NO;
				CLANG_ANALYZER_NONNULL = YES;
				CLANG_ANALYZER_NUMBER_OBJECT_CONVERSION = YES_AGGRESSIVE;
				CLANG_CXX_LANGUAGE_STANDARD = "gnu++14";
				CLANG_CXX_LIBRARY = "libc++";
				CLANG_ENABLE_MODULES = YES;
				CLANG_ENABLE_OBJC_ARC = YES;
				CLANG_ENABLE_OBJC_WEAK = YES;
				CLANG_WARN_BLOCK_CAPTURE_AUTORELEASING = YES;
				CLANG_WARN_BOOL_CONVERSION = YES;
				CLANG_WARN_COMMA = YES;
				CLANG_WARN_CONSTANT_CONVERSION = YES;
				CLANG_WARN_DEPRECATED_OBJC_IMPLEMENTATIONS = YES;
				CLANG_WARN_DIRECT_OBJC_ISA_USAGE = YES_ERROR;
				CLANG_WARN_DOCUMENTATION_COMMENTS = YES;
				CLANG_WARN_EMPTY_BODY = YES;
				CLANG_WARN_ENUM_CONVERSION = YES;
				CLANG_WARN_INFINITE_RECURSION = YES;
				CLANG_WARN_INT_CONVERSION = YES;
				CLANG_WARN_NON_LITERAL_NULL_CONVERSION = YES;
				CLANG_WARN_OBJC_IMPLICIT_RETAIN_SELF = YES;
				CLANG_WARN_OBJC_LITERAL_CONVERSION = YES;
				CLANG_WARN_OBJC_ROOT_CLASS = YES_ERROR;
				CLANG_WARN_RANGE_LOOP_ANALYSIS = YES;
				CLANG_WARN_STRICT_PROTOTYPES = YES;
				CLANG_WARN_SUSPICIOUS_MOVE = YES;
				CLANG_WARN_UNGUARDED_AVAILABILITY = YES_AGGRESSIVE;
				CLANG_WARN_UNREACHABLE_CODE = YES;
				CLANG_WARN__DUPLICATE_METHOD_MATCH = YES;
				COPY_PHASE_STRIP = NO;
				DEBUG_INFORMATION_FORMAT = dwarf;
				ENABLE_STRICT_OBJC_MSGSEND = YES;
				ENABLE_TESTABILITY = YES;
				GCC_C_LANGUAGE_STANDARD = gnu11;
				GCC_DYNAMIC_NO_PIC = NO;
				GCC_NO_COMMON_BLOCKS = YES;
				GCC_OPTIMIZATION_LEVEL = 0;
				GCC_PREPROCESSOR_DEFINITIONS = (
					"DEBUG=1",
					"$(inherited)",
				);
				GCC_WARN_64_TO_32_BIT_CONVERSION = YES;
				GCC_WARN_ABOUT_RETURN_TYPE = YES_ERROR;
				GCC_WARN_UNDECLARED_SELECTOR = YES;
				GCC_WARN_UNINITIALIZED_AUTOS = YES_AGGRESSIVE;
				GCC_WARN_UNUSED_FUNCTION = YES;
				GCC_WARN_UNUSED_VARIABLE = YES;
				IPHONEOS_DEPLOYMENT_TARGET = 13.1;
				MTL_ENABLE_DEBUG_INFO = INCLUDE_SOURCE;
				MTL_FAST_MATH = YES;
				ONLY_ACTIVE_ARCH = YES;
				SDKROOT = iphoneos;
				SWIFT_ACTIVE_COMPILATION_CONDITIONS = DEBUG;
				SWIFT_OPTIMIZATION_LEVEL = "-Onone";
			};
			name = Debug;
		};
		32D5C1FF2367A24100CDE9BC /* Release */ = {
			isa = XCBuildConfiguration;
			buildSettings = {
				ALWAYS_SEARCH_USER_PATHS = NO;
				CLANG_ANALYZER_NONNULL = YES;
				CLANG_ANALYZER_NUMBER_OBJECT_CONVERSION = YES_AGGRESSIVE;
				CLANG_CXX_LANGUAGE_STANDARD = "gnu++14";
				CLANG_CXX_LIBRARY = "libc++";
				CLANG_ENABLE_MODULES = YES;
				CLANG_ENABLE_OBJC_ARC = YES;
				CLANG_ENABLE_OBJC_WEAK = YES;
				CLANG_WARN_BLOCK_CAPTURE_AUTORELEASING = YES;
				CLANG_WARN_BOOL_CONVERSION = YES;
				CLANG_WARN_COMMA = YES;
				CLANG_WARN_CONSTANT_CONVERSION = YES;
				CLANG_WARN_DEPRECATED_OBJC_IMPLEMENTATIONS = YES;
				CLANG_WARN_DIRECT_OBJC_ISA_USAGE = YES_ERROR;
				CLANG_WARN_DOCUMENTATION_COMMENTS = YES;
				CLANG_WARN_EMPTY_BODY = YES;
				CLANG_WARN_ENUM_CONVERSION = YES;
				CLANG_WARN_INFINITE_RECURSION = YES;
				CLANG_WARN_INT_CONVERSION = YES;
				CLANG_WARN_NON_LITERAL_NULL_CONVERSION = YES;
				CLANG_WARN_OBJC_IMPLICIT_RETAIN_SELF = YES;
				CLANG_WARN_OBJC_LITERAL_CONVERSION = YES;
				CLANG_WARN_OBJC_ROOT_CLASS = YES_ERROR;
				CLANG_WARN_RANGE_LOOP_ANALYSIS = YES;
				CLANG_WARN_STRICT_PROTOTYPES = YES;
				CLANG_WARN_SUSPICIOUS_MOVE = YES;
				CLANG_WARN_UNGUARDED_AVAILABILITY = YES_AGGRESSIVE;
				CLANG_WARN_UNREACHABLE_CODE = YES;
				CLANG_WARN__DUPLICATE_METHOD_MATCH = YES;
				COPY_PHASE_STRIP = NO;
				DEBUG_INFORMATION_FORMAT = "dwarf-with-dsym";
				ENABLE_NS_ASSERTIONS = NO;
				ENABLE_STRICT_OBJC_MSGSEND = YES;
				GCC_C_LANGUAGE_STANDARD = gnu11;
				GCC_NO_COMMON_BLOCKS = YES;
				GCC_WARN_64_TO_32_BIT_CONVERSION = YES;
				GCC_WARN_ABOUT_RETURN_TYPE = YES_ERROR;
				GCC_WARN_UNDECLARED_SELECTOR = YES;
				GCC_WARN_UNINITIALIZED_AUTOS = YES_AGGRESSIVE;
				GCC_WARN_UNUSED_FUNCTION = YES;
				GCC_WARN_UNUSED_VARIABLE = YES;
				IPHONEOS_DEPLOYMENT_TARGET = 13.1;
				MTL_ENABLE_DEBUG_INFO = NO;
				MTL_FAST_MATH = YES;
				SDKROOT = iphoneos;
				SWIFT_COMPILATION_MODE = wholemodule;
				SWIFT_OPTIMIZATION_LEVEL = "-O";
				VALIDATE_PRODUCT = YES;
			};
			name = Release;
		};
		32D5C2012367A24100CDE9BC /* Debug */ = {
			isa = XCBuildConfiguration;
			baseConfigurationReference = 96BC35D419748984B6B1E7A8 /* Pods-Messagerie.debug.xcconfig */;
			buildSettings = {
				ASSETCATALOG_COMPILER_APPICON_NAME = AppIcon;
				CODE_SIGN_STYLE = Automatic;
				DEVELOPMENT_ASSET_PATHS = "\"Messagerie/Preview Content\"";
				DEVELOPMENT_TEAM = 858XJN7544;
				ENABLE_PREVIEWS = YES;
				INFOPLIST_FILE = Messagerie/Info.plist;
				LD_RUNPATH_SEARCH_PATHS = (
					"$(inherited)",
					"@executable_path/Frameworks",
				);
				PRODUCT_BUNDLE_IDENTIFIER = test.manu.Messagerie;
				PRODUCT_NAME = "$(TARGET_NAME)";
				SWIFT_VERSION = 5.0;
				TARGETED_DEVICE_FAMILY = "1,2";
			};
			name = Debug;
		};
		32D5C2022367A24100CDE9BC /* Release */ = {
			isa = XCBuildConfiguration;
			baseConfigurationReference = A96634EB3F6696EC12BF9593 /* Pods-Messagerie.release.xcconfig */;
			buildSettings = {
				ASSETCATALOG_COMPILER_APPICON_NAME = AppIcon;
				CODE_SIGN_STYLE = Automatic;
				DEVELOPMENT_ASSET_PATHS = "\"Messagerie/Preview Content\"";
				DEVELOPMENT_TEAM = 858XJN7544;
				ENABLE_PREVIEWS = YES;
				INFOPLIST_FILE = Messagerie/Info.plist;
				LD_RUNPATH_SEARCH_PATHS = (
					"$(inherited)",
					"@executable_path/Frameworks",
				);
				PRODUCT_BUNDLE_IDENTIFIER = test.manu.Messagerie;
				PRODUCT_NAME = "$(TARGET_NAME)";
				SWIFT_VERSION = 5.0;
				TARGETED_DEVICE_FAMILY = "1,2";
			};
			name = Release;
		};
/* End XCBuildConfiguration section */

/* Begin XCConfigurationList section */
		32D5C1E72367A23E00CDE9BC /* Build configuration list for PBXProject "Messagerie" */ = {
			isa = XCConfigurationList;
			buildConfigurations = (
				32D5C1FE2367A24100CDE9BC /* Debug */,
				32D5C1FF2367A24100CDE9BC /* Release */,
			);
			defaultConfigurationIsVisible = 0;
			defaultConfigurationName = Release;
		};
		32D5C2002367A24100CDE9BC /* Build configuration list for PBXNativeTarget "Messagerie" */ = {
			isa = XCConfigurationList;
			buildConfigurations = (
				32D5C2012367A24100CDE9BC /* Debug */,
				32D5C2022367A24100CDE9BC /* Release */,
			);
			defaultConfigurationIsVisible = 0;
			defaultConfigurationName = Release;
		};
/* End XCConfigurationList section */
	};
	rootObject = 32D5C1E42367A23E00CDE9BC /* Project object */;
}
