// !$*UTF8*$!
{
	archiveVersion = 1;
	classes = {
	};
	objectVersion = 50;
	objects = {

/* Begin PBXBuildFile section */
		32D5C1F02367A23E00CDE9BC /* AppDelegate.swift in Sources */ = {isa = PBXBuildFile; fileRef = 32D5C1EF2367A23E00CDE9BC /* AppDelegate.swift */; };
		32D5C1F22367A23E00CDE9BC /* SceneDelegate.swift in Sources */ = {isa = PBXBuildFile; fileRef = 32D5C1F12367A23E00CDE9BC /* SceneDelegate.swift */; };
		32D5C1F42367A23E00CDE9BC /* ContentView.swift in Sources */ = {isa = PBXBuildFile; fileRef = 32D5C1F32367A23E00CDE9BC /* ContentView.swift */; };
		32D5C1F62367A24100CDE9BC /* Assets.xcassets in Resources */ = {isa = PBXBuildFile; fileRef = 32D5C1F52367A24100CDE9BC /* Assets.xcassets */; };
		32D5C1F92367A24100CDE9BC /* Preview Assets.xcassets in Resources */ = {isa = PBXBuildFile; fileRef = 32D5C1F82367A24100CDE9BC /* Preview Assets.xcassets */; };
		32D5C1FC2367A24100CDE9BC /* LaunchScreen.storyboard in Resources */ = {isa = PBXBuildFile; fileRef = 32D5C1FA2367A24100CDE9BC /* LaunchScreen.storyboard */; };
/* End PBXBuildFile section */

/* Begin PBXFileReference section */
		32D5C1EC2367A23E00CDE9BC /* Messagerie.app */ = {isa = PBXFileReference; explicitFileType = wrapper.application; includeInIndex = 0; path = Messagerie.app; sourceTree = BUILT_PRODUCTS_DIR; };
		32D5C1EF2367A23E00CDE9BC /* AppDelegate.swift */ = {isa = PBXFileReference; lastKnownFileType = sourcecode.swift; path = AppDelegate.swift; sourceTree = "<group>"; };
		32D5C1F12367A23E00CDE9BC /* SceneDelegate.swift */ = {isa = PBXFileReference; lastKnownFileType = sourcecode.swift; path = SceneDelegate.swift; sourceTree = "<group>"; };
		32D5C1F32367A23E00CDE9BC /* ContentView.swift */ = {isa = PBXFileReference; lastKnownFileType = sourcecode.swift; path = ContentView.swift; sourceTree = "<group>"; };
		32D5C1F52367A24100CDE9BC /* Assets.xcassets */ = {isa = PBXFileReference; lastKnownFileType = folder.assetcatalog; path = Assets.xcassets; sourceTree = "<group>"; };
		32D5C1F82367A24100CDE9BC /* Preview Assets.xcassets */ = {isa = PBXFileReference; lastKnownFileType = folder.assetcatalog; path = "Preview Assets.xcassets"; sourceTree = "<group>"; };
		32D5C1FB2367A24100CDE9BC /* Base */ = {isa = PBXFileReference; lastKnownFileType = file.storyboard; name = Base; path = Base.lproj/LaunchScreen.storyboard; sourceTree = "<group>"; };
		32D5C1FD2367A24100CDE9BC /* Info.plist */ = {isa = PBXFileReference; lastKnownFileType = text.plist.xml; path = Info.plist; sourceTree = "<group>"; };
/* End PBXFileReference section */

/* Begin PBXFrameworksBuildPhase section */
		32D5C1E92367A23E00CDE9BC /* Frameworks */ = {
			isa = PBXFrameworksBuildPhase;
			buildActionMask = 2147483647;
			files = (
			);
			runOnlyForDeploymentPostprocessing = 0;
		};
/* End PBXFrameworksBuildPhase section */

/* Begin PBXGroup section */
		32D5C1E32367A23E00CDE9BC = {
			isa = PBXGroup;
			children = (
				32D5C1EE2367A23E00CDE9BC /* Messagerie */,
				32D5C1ED2367A23E00CDE9BC /* Products */,
			);
			sourceTree = "<group>";
		};
		32D5C1ED2367A23E00CDE9BC /* Products */ = {
			isa = PBXGroup;
			children = (
				32D5C1EC2367A23E00CDE9BC /* Messagerie.app */,
			);
			name = Products;
			sourceTree = "<group>";
		};
		32D5C1EE2367A23E00CDE9BC /* Messagerie */ = {
			isa = PBXGroup;
			children = (
				32D5C1EF2367A23E00CDE9BC /* AppDelegate.swift */,
				32D5C1F12367A23E00CDE9BC /* SceneDelegate.swift */,
				32D5C1F32367A23E00CDE9BC /* ContentView.swift */,
				32D5C1F52367A24100CDE9BC /* Assets.xcassets */,
				32D5C1FA2367A24100CDE9BC /* LaunchScreen.storyboard */,
				32D5C1FD2367A24100CDE9BC /* Info.plist */,
				32D5C1F72367A24100CDE9BC /* Preview Content */,
			);
			path = Messagerie;
			sourceTree = "<group>";
		};
		32D5C1F72367A24100CDE9BC /* Preview Content */ = {
			isa = PBXGroup;
			children = (
				32D5C1F82367A24100CDE9BC /* Preview Assets.xcassets */,
			);
			path = "Preview Content";
			sourceTree = "<group>";
		};
/* End PBXGroup section */

/* Begin PBXNativeTarget section */
		32D5C1EB2367A23E00CDE9BC /* Messagerie */ = {
			isa = PBXNativeTarget;
			buildConfigurationList = 32D5C2002367A24100CDE9BC /* Build configuration list for PBXNativeTarget "Messagerie" */;
			buildPhases = (
				32D5C1E82367A23E00CDE9BC /* Sources */,
				32D5C1E92367A23E00CDE9BC /* Frameworks */,
				32D5C1EA2367A23E00CDE9BC /* Resources */,
			);
			buildRules = (
			);
			dependencies = (
			);
			name = Messagerie;
			productName = Messagerie;
			productReference = 32D5C1EC2367A23E00CDE9BC /* Messagerie.app */;
			productType = "com.apple.product-type.application";
		};
/* End PBXNativeTarget section */

/* Begin PBXProject section */
		32D5C1E42367A23E00CDE9BC /* Project object */ = {
			isa = PBXProject;
			attributes = {
				LastSwiftUpdateCheck = 1110;
				LastUpgradeCheck = 1110;
				ORGANIZATIONNAME = manu.test;
				TargetAttributes = {
					32D5C1EB2367A23E00CDE9BC = {
						CreatedOnToolsVersion = 11.1;
					};
				};
			};
			buildConfigurationList = 32D5C1E72367A23E00CDE9BC /* Build configuration list for PBXProject "Messagerie" */;
			compatibilityVersion = "Xcode 9.3";
			developmentRegion = en;
			hasScannedForEncodings = 0;
			knownRegions = (
				en,
				Base,
			);
			mainGroup = 32D5C1E32367A23E00CDE9BC;
			productRefGroup = 32D5C1ED2367A23E00CDE9BC /* Products */;
			projectDirPath = "";
			projectRoot = "";
			targets = (
				32D5C1EB2367A23E00CDE9BC /* Messagerie */,
			);
		};
/* End PBXProject section */

/* Begin PBXResourcesBuildPhase section */
		32D5C1EA2367A23E00CDE9BC /* Resources */ = {
			isa = PBXResourcesBuildPhase;
			buildActionMask = 2147483647;
			files = (
				32D5C1FC2367A24100CDE9BC /* LaunchScreen.storyboard in Resources */,
				32D5C1F92367A24100CDE9BC /* Preview Assets.xcassets in Resources */,
				32D5C1F62367A24100CDE9BC /* Assets.xcassets in Resources */,
			);
			runOnlyForDeploymentPostprocessing = 0;
		};
/* End PBXResourcesBuildPhase section */

/* Begin PBXSourcesBuildPhase section */
		32D5C1E82367A23E00CDE9BC /* Sources */ = {
			isa = PBXSourcesBuildPhase;
			buildActionMask = 2147483647;
			files = (
				32D5C1F02367A23E00CDE9BC /* AppDelegate.swift in Sources */,
				32D5C1F22367A23E00CDE9BC /* SceneDelegate.swift in Sources */,
				32D5C1F42367A23E00CDE9BC /* ContentView.swift in Sources */,
			);
			runOnlyForDeploymentPostprocessing = 0;
		};
/* End PBXSourcesBuildPhase section */

/* Begin PBXVariantGroup section */
		32D5C1FA2367A24100CDE9BC /* LaunchScreen.storyboard */ = {
			isa = PBXVariantGroup;
			children = (
				32D5C1FB2367A24100CDE9BC /* Base */,
			);
			name = LaunchScreen.storyboard;
			sourceTree = "<group>";
		};
/* End PBXVariantGroup section */

/* Begin XCBuildConfiguration section */
		32D5C1FE2367A24100CDE9BC /* Debug */ = {
			isa = XCBuildConfiguration;
			buildSettings = {
				ALWAYS_SEARCH_USER_PATHS = NO;
				CLANG_ANALYZER_NONNULL = YES;
				CLANG_ANALYZER_NUMBER_OBJECT_CONVERSION = YES_AGGRESSIVE;
				CLANG_CXX_LANGUAGE_STANDARD = "gnu++14";
				CLANG_CXX_LIBRARY = "libc++";
				CLANG_ENABLE_MODULES = YES;
				CLANG_ENABLE_OBJC_ARC = YES;
				CLANG_ENABLE_OBJC_WEAK = YES;
				CLANG_WARN_BLOCK_CAPTURE_AUTORELEASING = YES;
				CLANG_WARN_BOOL_CONVERSION = YES;
				CLANG_WARN_COMMA = YES;
				CLANG_WARN_CONSTANT_CONVERSION = YES;
				CLANG_WARN_DEPRECATED_OBJC_IMPLEMENTATIONS = YES;
				CLANG_WARN_DIRECT_OBJC_ISA_USAGE = YES_ERROR;
				CLANG_WARN_DOCUMENTATION_COMMENTS = YES;
				CLANG_WARN_EMPTY_BODY = YES;
				CLANG_WARN_ENUM_CONVERSION = YES;
				CLANG_WARN_INFINITE_RECURSION = YES;
				CLANG_WARN_INT_CONVERSION = YES;
				CLANG_WARN_NON_LITERAL_NULL_CONVERSION = YES;
				CLANG_WARN_OBJC_IMPLICIT_RETAIN_SELF = YES;
				CLANG_WARN_OBJC_LITERAL_CONVERSION = YES;
				CLANG_WARN_OBJC_ROOT_CLASS = YES_ERROR;
				CLANG_WARN_RANGE_LOOP_ANALYSIS = YES;
				CLANG_WARN_STRICT_PROTOTYPES = YES;
				CLANG_WARN_SUSPICIOUS_MOVE = YES;
				CLANG_WARN_UNGUARDED_AVAILABILITY = YES_AGGRESSIVE;
				CLANG_WARN_UNREACHABLE_CODE = YES;
				CLANG_WARN__DUPLICATE_METHOD_MATCH = YES;
				COPY_PHASE_STRIP = NO;
				DEBUG_INFORMATION_FORMAT = dwarf;
				ENABLE_STRICT_OBJC_MSGSEND = YES;
				ENABLE_TESTABILITY = YES;
				GCC_C_LANGUAGE_STANDARD = gnu11;
				GCC_DYNAMIC_NO_PIC = NO;
				GCC_NO_COMMON_BLOCKS = YES;
				GCC_OPTIMIZATION_LEVEL = 0;
				GCC_PREPROCESSOR_DEFINITIONS = (
					"DEBUG=1",
					"$(inherited)",
				);
				GCC_WARN_64_TO_32_BIT_CONVERSION = YES;
				GCC_WARN_ABOUT_RETURN_TYPE = YES_ERROR;
				GCC_WARN_UNDECLARED_SELECTOR = YES;
				GCC_WARN_UNINITIALIZED_AUTOS = YES_AGGRESSIVE;
				GCC_WARN_UNUSED_FUNCTION = YES;
				GCC_WARN_UNUSED_VARIABLE = YES;
				IPHONEOS_DEPLOYMENT_TARGET = 13.1;
				MTL_ENABLE_DEBUG_INFO = INCLUDE_SOURCE;
				MTL_FAST_MATH = YES;
				ONLY_ACTIVE_ARCH = YES;
				SDKROOT = iphoneos;
				SWIFT_ACTIVE_COMPILATION_CONDITIONS = DEBUG;
				SWIFT_OPTIMIZATION_LEVEL = "-Onone";
			};
			name = Debug;
		};
		32D5C1FF2367A24100CDE9BC /* Release */ = {
			isa = XCBuildConfiguration;
			buildSettings = {
				ALWAYS_SEARCH_USER_PATHS = NO;
				CLANG_ANALYZER_NONNULL = YES;
				CLANG_ANALYZER_NUMBER_OBJECT_CONVERSION = YES_AGGRESSIVE;
				CLANG_CXX_LANGUAGE_STANDARD = "gnu++14";
				CLANG_CXX_LIBRARY = "libc++";
				CLANG_ENABLE_MODULES = YES;
				CLANG_ENABLE_OBJC_ARC = YES;
				CLANG_ENABLE_OBJC_WEAK = YES;
				CLANG_WARN_BLOCK_CAPTURE_AUTORELEASING = YES;
				CLANG_WARN_BOOL_CONVERSION = YES;
				CLANG_WARN_COMMA = YES;
				CLANG_WARN_CONSTANT_CONVERSION = YES;
				CLANG_WARN_DEPRECATED_OBJC_IMPLEMENTATIONS = YES;
				CLANG_WARN_DIRECT_OBJC_ISA_USAGE = YES_ERROR;
				CLANG_WARN_DOCUMENTATION_COMMENTS = YES;
				CLANG_WARN_EMPTY_BODY = YES;
				CLANG_WARN_ENUM_CONVERSION = YES;
				CLANG_WARN_INFINITE_RECURSION = YES;
				CLANG_WARN_INT_CONVERSION = YES;
				CLANG_WARN_NON_LITERAL_NULL_CONVERSION = YES;
				CLANG_WARN_OBJC_IMPLICIT_RETAIN_SELF = YES;
				CLANG_WARN_OBJC_LITERAL_CONVERSION = YES;
				CLANG_WARN_OBJC_ROOT_CLASS = YES_ERROR;
				CLANG_WARN_RANGE_LOOP_ANALYSIS = YES;
				CLANG_WARN_STRICT_PROTOTYPES = YES;
				CLANG_WARN_SUSPICIOUS_MOVE = YES;
				CLANG_WARN_UNGUARDED_AVAILABILITY = YES_AGGRESSIVE;
				CLANG_WARN_UNREACHABLE_CODE = YES;
				CLANG_WARN__DUPLICATE_METHOD_MATCH = YES;
				COPY_PHASE_STRIP = NO;
				DEBUG_INFORMATION_FORMAT = "dwarf-with-dsym";
				ENABLE_NS_ASSERTIONS = NO;
				ENABLE_STRICT_OBJC_MSGSEND = YES;
				GCC_C_LANGUAGE_STANDARD = gnu11;
				GCC_NO_COMMON_BLOCKS = YES;
				GCC_WARN_64_TO_32_BIT_CONVERSION = YES;
				GCC_WARN_ABOUT_RETURN_TYPE = YES_ERROR;
				GCC_WARN_UNDECLARED_SELECTOR = YES;
				GCC_WARN_UNINITIALIZED_AUTOS = YES_AGGRESSIVE;
				GCC_WARN_UNUSED_FUNCTION = YES;
				GCC_WARN_UNUSED_VARIABLE = YES;
				IPHONEOS_DEPLOYMENT_TARGET = 13.1;
				MTL_ENABLE_DEBUG_INFO = NO;
				MTL_FAST_MATH = YES;
				SDKROOT = iphoneos;
				SWIFT_COMPILATION_MODE = wholemodule;
				SWIFT_OPTIMIZATION_LEVEL = "-O";
				VALIDATE_PRODUCT = YES;
			};
			name = Release;
		};
		32D5C2012367A24100CDE9BC /* Debug */ = {
			isa = XCBuildConfiguration;
			buildSettings = {
				ASSETCATALOG_COMPILER_APPICON_NAME = AppIcon;
				CODE_SIGN_STYLE = Automatic;
				DEVELOPMENT_ASSET_PATHS = "\"Messagerie/Preview Content\"";
				ENABLE_PREVIEWS = YES;
				INFOPLIST_FILE = Messagerie/Info.plist;
				LD_RUNPATH_SEARCH_PATHS = (
					"$(inherited)",
					"@executable_path/Frameworks",
				);
				PRODUCT_BUNDLE_IDENTIFIER = test.manu.Messagerie;
				PRODUCT_NAME = "$(TARGET_NAME)";
				SWIFT_VERSION = 5.0;
				TARGETED_DEVICE_FAMILY = "1,2";
			};
			name = Debug;
		};
		32D5C2022367A24100CDE9BC /* Release */ = {
			isa = XCBuildConfiguration;
			buildSettings = {
				ASSETCATALOG_COMPILER_APPICON_NAME = AppIcon;
				CODE_SIGN_STYLE = Automatic;
				DEVELOPMENT_ASSET_PATHS = "\"Messagerie/Preview Content\"";
				ENABLE_PREVIEWS = YES;
				INFOPLIST_FILE = Messagerie/Info.plist;
				LD_RUNPATH_SEARCH_PATHS = (
					"$(inherited)",
					"@executable_path/Frameworks",
				);
				PRODUCT_BUNDLE_IDENTIFIER = test.manu.Messagerie;
				PRODUCT_NAME = "$(TARGET_NAME)";
				SWIFT_VERSION = 5.0;
				TARGETED_DEVICE_FAMILY = "1,2";
			};
			name = Release;
		};
/* End XCBuildConfiguration section */

/* Begin XCConfigurationList section */
		32D5C1E72367A23E00CDE9BC /* Build configuration list for PBXProject "Messagerie" */ = {
			isa = XCConfigurationList;
			buildConfigurations = (
				32D5C1FE2367A24100CDE9BC /* Debug */,
				32D5C1FF2367A24100CDE9BC /* Release */,
			);
			defaultConfigurationIsVisible = 0;
			defaultConfigurationName = Release;
		};
		32D5C2002367A24100CDE9BC /* Build configuration list for PBXNativeTarget "Messagerie" */ = {
			isa = XCConfigurationList;
			buildConfigurations = (
				32D5C2012367A24100CDE9BC /* Debug */,
				32D5C2022367A24100CDE9BC /* Release */,
			);
			defaultConfigurationIsVisible = 0;
			defaultConfigurationName = Release;
		};
/* End XCConfigurationList section */
	};
	rootObject = 32D5C1E42367A23E00CDE9BC /* Project object */;
}
